
Microsoft Visual Studio Solution File, Format Version 12.00
# Visual Studio 15
VisualStudioVersion = 15.0.27130.2027
MinimumVisualStudioVersion = 10.0.40219.1
Project("{9A19103F-16F7-4668-BE54-9A1E7A4F7556}") = "FreieWahl", "FreieWahl\FreieWahl.csproj", "{EEF95956-2ABC-47ED-BD84-1CF22A2860B3}"
EndProject
Project("{9A19103F-16F7-4668-BE54-9A1E7A4F7556}") = "FreieWahl.Security", "FreieWahl.Security\FreieWahl.Security.csproj", "{C9096075-E23C-48B9-8488-8ED8562260F6}"
EndProject
Project("{9A19103F-16F7-4668-BE54-9A1E7A4F7556}") = "FreieWahl.Common", "FreieWahl.Common\FreieWahl.Common.csproj", "{8C701408-CA1B-41C5-B20F-309BA1569606}"
EndProject
Project("{9A19103F-16F7-4668-BE54-9A1E7A4F7556}") = "FreieWahl.Voting", "FreieWahl.Voting\FreieWahl.Voting.csproj", "{CC3A496A-20EB-4650-935E-173FEE95F077}"
EndProject
Project("{FAE04EC0-301F-11D3-BF4B-00C04F79EFBC}") = "Test.FreieWahl.Voting", "Test.FreieWahl.Voting\Test.FreieWahl.Voting.csproj", "{2B3AA897-284C-408B-BF6F-353B8814B6D6}"
EndProject
Project("{9A19103F-16F7-4668-BE54-9A1E7A4F7556}") = "FreieWahl.Application", "FreieWahl.Application\FreieWahl.Application.csproj", "{37C6CD2E-D5C1-4AAD-9FA4-B9F65456580A}"
EndProject
Project("{9A19103F-16F7-4668-BE54-9A1E7A4F7556}") = "FreieWahl.Mail", "FreieWahl.Mail\FreieWahl.Mail.csproj", "{D22B32C5-CD03-42E0-995E-E41909E924C5}"
EndProject
Project("{FAE04EC0-301F-11D3-BF4B-00C04F79EFBC}") = "Test.FreieWahl.Security", "Test.FreieWahl.Security\Test.FreieWahl.Security.csproj", "{7117795D-83D3-4855-94D1-D85FA9EF6C3C}"
EndProject
Project("{2150E333-8FDC-42A3-9474-1A3956D46DE8}") = "Solution Items", "Solution Items", "{E2567166-FA12-4640-B256-FE30880F9DBA}"
EndProject
Global
	GlobalSection(SolutionConfigurationPlatforms) = preSolution
		Debug|Any CPU = Debug|Any CPU
		Release|Any CPU = Release|Any CPU
	EndGlobalSection
	GlobalSection(ProjectConfigurationPlatforms) = postSolution
		{EEF95956-2ABC-47ED-BD84-1CF22A2860B3}.Debug|Any CPU.ActiveCfg = Debug|Any CPU
		{EEF95956-2ABC-47ED-BD84-1CF22A2860B3}.Debug|Any CPU.Build.0 = Debug|Any CPU
		{EEF95956-2ABC-47ED-BD84-1CF22A2860B3}.Release|Any CPU.ActiveCfg = Release|Any CPU
		{EEF95956-2ABC-47ED-BD84-1CF22A2860B3}.Release|Any CPU.Build.0 = Release|Any CPU
		{C9096075-E23C-48B9-8488-8ED8562260F6}.Debug|Any CPU.ActiveCfg = Debug|Any CPU
		{C9096075-E23C-48B9-8488-8ED8562260F6}.Debug|Any CPU.Build.0 = Debug|Any CPU
		{C9096075-E23C-48B9-8488-8ED8562260F6}.Release|Any CPU.ActiveCfg = Release|Any CPU
		{C9096075-E23C-48B9-8488-8ED8562260F6}.Release|Any CPU.Build.0 = Release|Any CPU
		{8C701408-CA1B-41C5-B20F-309BA1569606}.Debug|Any CPU.ActiveCfg = Debug|Any CPU
		{8C701408-CA1B-41C5-B20F-309BA1569606}.Debug|Any CPU.Build.0 = Debug|Any CPU
		{8C701408-CA1B-41C5-B20F-309BA1569606}.Release|Any CPU.ActiveCfg = Release|Any CPU
		{8C701408-CA1B-41C5-B20F-309BA1569606}.Release|Any CPU.Build.0 = Release|Any CPU
		{CC3A496A-20EB-4650-935E-173FEE95F077}.Debug|Any CPU.ActiveCfg = Debug|Any CPU
		{CC3A496A-20EB-4650-935E-173FEE95F077}.Debug|Any CPU.Build.0 = Debug|Any CPU
		{CC3A496A-20EB-4650-935E-173FEE95F077}.Release|Any CPU.ActiveCfg = Release|Any CPU
		{CC3A496A-20EB-4650-935E-173FEE95F077}.Release|Any CPU.Build.0 = Release|Any CPU
		{2B3AA897-284C-408B-BF6F-353B8814B6D6}.Debug|Any CPU.ActiveCfg = Debug|Any CPU
		{2B3AA897-284C-408B-BF6F-353B8814B6D6}.Debug|Any CPU.Build.0 = Debug|Any CPU
		{2B3AA897-284C-408B-BF6F-353B8814B6D6}.Release|Any CPU.ActiveCfg = Release|Any CPU
		{2B3AA897-284C-408B-BF6F-353B8814B6D6}.Release|Any CPU.Build.0 = Release|Any CPU
		{37C6CD2E-D5C1-4AAD-9FA4-B9F65456580A}.Debug|Any CPU.ActiveCfg = Debug|Any CPU
		{37C6CD2E-D5C1-4AAD-9FA4-B9F65456580A}.Debug|Any CPU.Build.0 = Debug|Any CPU
		{37C6CD2E-D5C1-4AAD-9FA4-B9F65456580A}.Release|Any CPU.ActiveCfg = Release|Any CPU
		{37C6CD2E-D5C1-4AAD-9FA4-B9F65456580A}.Release|Any CPU.Build.0 = Release|Any CPU
		{D22B32C5-CD03-42E0-995E-E41909E924C5}.Debug|Any CPU.ActiveCfg = Debug|Any CPU
		{D22B32C5-CD03-42E0-995E-E41909E924C5}.Debug|Any CPU.Build.0 = Debug|Any CPU
		{D22B32C5-CD03-42E0-995E-E41909E924C5}.Release|Any CPU.ActiveCfg = Release|Any CPU
		{D22B32C5-CD03-42E0-995E-E41909E924C5}.Release|Any CPU.Build.0 = Release|Any CPU
		{7117795D-83D3-4855-94D1-D85FA9EF6C3C}.Debug|Any CPU.ActiveCfg = Debug|Any CPU
		{7117795D-83D3-4855-94D1-D85FA9EF6C3C}.Debug|Any CPU.Build.0 = Debug|Any CPU
		{7117795D-83D3-4855-94D1-D85FA9EF6C3C}.Release|Any CPU.ActiveCfg = Release|Any CPU
		{7117795D-83D3-4855-94D1-D85FA9EF6C3C}.Release|Any CPU.Build.0 = Release|Any CPU
	EndGlobalSection
	GlobalSection(SolutionProperties) = preSolution
		HideSolutionNode = FALSE
	EndGlobalSection
	GlobalSection(ExtensibilityGlobals) = postSolution
		SolutionGuid = {4BE9625B-E264-4C79-84EE-31DD50443B41}
	EndGlobalSection
EndGlobal
